
Microsoft Visual Studio Solution File, Format Version 12.00
# Visual Studio Version 17
VisualStudioVersion = 17.5.33402.96
MinimumVisualStudioVersion = 10.0.40219.1
Project("{FAE04EC0-301F-11D3-BF4B-00C04F79EFBC}") = "CMS_API", "CMS_API\CMS_API.csproj", "{BEAB6ED8-3E69-4A67-99C5-51697138496B}"
EndProject
Global
	GlobalSection(SolutionConfigurationPlatforms) = preSolution
		Debug|Any CPU = Debug|Any CPU
		Release|Any CPU = Release|Any CPU
	EndGlobalSection
	GlobalSection(ProjectConfigurationPlatforms) = postSolution
		{BEAB6ED8-3E69-4A67-99C5-51697138496B}.Debug|Any CPU.ActiveCfg = Debug|Any CPU
		{BEAB6ED8-3E69-4A67-99C5-51697138496B}.Debug|Any CPU.Build.0 = Debug|Any CPU
		{BEAB6ED8-3E69-4A67-99C5-51697138496B}.Release|Any CPU.ActiveCfg = Release|Any CPU
		{BEAB6ED8-3E69-4A67-99C5-51697138496B}.Release|Any CPU.Build.0 = Release|Any CPU
	EndGlobalSection
	GlobalSection(SolutionProperties) = preSolution
		HideSolutionNode = FALSE
	EndGlobalSection
	GlobalSection(ExtensibilityGlobals) = postSolution
		SolutionGuid = {BFF4A32F-66B0-4293-8F6B-87C62A02909B}
	EndGlobalSection
EndGlobal
